
Microsoft Visual Studio Solution File, Format Version 12.00
# Visual Studio Version 17
VisualStudioVersion = 17.1.32328.378
MinimumVisualStudioVersion = 10.0.40219.1
Project("{FAE04EC0-301F-11D3-BF4B-00C04F79EFBC}") = "MusicXmlLowerCaser", "MusicXmlLowerCaser\MusicXmlLowerCaser.csproj", "{3FE8B493-44D9-45E3-91F9-72643F726E61}"
EndProject
Global
	GlobalSection(SolutionConfigurationPlatforms) = preSolution
		Debug|Any CPU = Debug|Any CPU
		Release|Any CPU = Release|Any CPU
	EndGlobalSection
	GlobalSection(ProjectConfigurationPlatforms) = postSolution
		{3FE8B493-44D9-45E3-91F9-72643F726E61}.Debug|Any CPU.ActiveCfg = Debug|Any CPU
		{3FE8B493-44D9-45E3-91F9-72643F726E61}.Debug|Any CPU.Build.0 = Debug|Any CPU
		{3FE8B493-44D9-45E3-91F9-72643F726E61}.Release|Any CPU.ActiveCfg = Release|Any CPU
		{3FE8B493-44D9-45E3-91F9-72643F726E61}.Release|Any CPU.Build.0 = Release|Any CPU
	EndGlobalSection
	GlobalSection(SolutionProperties) = preSolution
		HideSolutionNode = FALSE
	EndGlobalSection
	GlobalSection(ExtensibilityGlobals) = postSolution
		SolutionGuid = {3598BCC3-DF46-4E82-9CEE-D3886B6F569F}
	EndGlobalSection
EndGlobal
